{
  "version": 4,
  "terraform_version": "1.15.2",
  "serial": 2,
  "lineage": "76bf746f-97d1-5573-b4b1-fc65643e9f98",
  "outputs": {
    "state_bucket_endpoint": {
      "value": "nyc3.digitaloceanspaces.com",
      "type": "string"
    },
    "state_bucket_name": {
      "value": "chase-sets-terraform-state",
      "type": "string"
    }
  },
  "resources": [
    {
      "mode": "managed",
      "type": "digitalocean_spaces_bucket",
      "name": "terraform_state",
      "provider": "provider[\"registry.terraform.io/digitalocean/digitalocean\"]",
      "instances": [
        {
          "schema_version": 0,
          "attributes": {
            "acl": null,
            "bucket_domain_name": "chase-sets-terraform-state.nyc3.digitaloceanspaces.com",
            "cors_rule": [],
            "endpoint": "nyc3.digitaloceanspaces.com",
            "force_destroy": false,
            "id": "chase-sets-terraform-state",
            "lifecycle_rule": [],
            "name": "chase-sets-terraform-state",
            "region": "nyc3",
            "urn": "do:space:chase-sets-terraform-state",
            "versioning": [
              {
                "enabled": false
              }
            ]
          },
          "sensitive_attributes": [],
          "identity_schema_version": 0,
          "private": "eyJzY2hlbWFfdmVyc2lvbiI6IjAifQ=="
        }
      ]
    }
  ],
  "check_results": null
}
